
Microsoft Visual Studio Solution File, Format Version 12.00
# Visual Studio Version 16
VisualStudioVersion = 16.0.30406.217
MinimumVisualStudioVersion = 10.0.40219.1
Project("{9A19103F-16F7-4668-BE54-9A1E7A4F7556}") = "Actividad1Parametros171G0242", "Actividad1Parametros171G0242\Actividad1Parametros171G0242.csproj", "{CD1DF380-6BE3-4EA7-9423-597B62646347}"
EndProject
Global
	GlobalSection(SolutionConfigurationPlatforms) = preSolution
		Debug|Any CPU = Debug|Any CPU
		Release|Any CPU = Release|Any CPU
	EndGlobalSection
	GlobalSection(ProjectConfigurationPlatforms) = postSolution
		{CD1DF380-6BE3-4EA7-9423-597B62646347}.Debug|Any CPU.ActiveCfg = Debug|Any CPU
		{CD1DF380-6BE3-4EA7-9423-597B62646347}.Debug|Any CPU.Build.0 = Debug|Any CPU
		{CD1DF380-6BE3-4EA7-9423-597B62646347}.Release|Any CPU.ActiveCfg = Release|Any CPU
		{CD1DF380-6BE3-4EA7-9423-597B62646347}.Release|Any CPU.Build.0 = Release|Any CPU
	EndGlobalSection
	GlobalSection(SolutionProperties) = preSolution
		HideSolutionNode = FALSE
	EndGlobalSection
	GlobalSection(ExtensibilityGlobals) = postSolution
		SolutionGuid = {2EAA8CC8-5F27-4BF9-BB94-C2F1C3A8D4E9}
	EndGlobalSection
EndGlobal
